
Microsoft Visual Studio Solution File, Format Version 12.00
# Visual Studio Version 17
VisualStudioVersion = 17.10.34916.146
MinimumVisualStudioVersion = 10.0.40219.1
Project("{FAE04EC0-301F-11D3-BF4B-00C04F79EFBC}") = "DesafioCSharp2.2", "DesafioCSharp2.2\DesafioCSharp2.2.csproj", "{526F939B-C641-493B-B107-F7677A868E52}"
EndProject
Global
	GlobalSection(SolutionConfigurationPlatforms) = preSolution
		Debug|Any CPU = Debug|Any CPU
		Release|Any CPU = Release|Any CPU
	EndGlobalSection
	GlobalSection(ProjectConfigurationPlatforms) = postSolution
		{526F939B-C641-493B-B107-F7677A868E52}.Debug|Any CPU.ActiveCfg = Debug|Any CPU
		{526F939B-C641-493B-B107-F7677A868E52}.Debug|Any CPU.Build.0 = Debug|Any CPU
		{526F939B-C641-493B-B107-F7677A868E52}.Release|Any CPU.ActiveCfg = Release|Any CPU
		{526F939B-C641-493B-B107-F7677A868E52}.Release|Any CPU.Build.0 = Release|Any CPU
	EndGlobalSection
	GlobalSection(SolutionProperties) = preSolution
		HideSolutionNode = FALSE
	EndGlobalSection
	GlobalSection(ExtensibilityGlobals) = postSolution
		SolutionGuid = {C7A86B6A-E39F-4B66-9C73-720F5CA7EFCD}
	EndGlobalSection
EndGlobal
